
Microsoft Visual Studio Solution File, Format Version 12.00
# Visual Studio Version 17
VisualStudioVersion = 17.0.31903.59
MinimumVisualStudioVersion = 10.0.40219.1
Project("{9A19103F-16F7-4668-BE54-9A1E7A4F7556}") = "CastleDynamicProxy.DependencyInjection", "CastleDynamicProxy.DependencyInjection\CastleDynamicProxy.DependencyInjection.csproj", "{E21B3E4F-389F-4462-AF16-3D972613EE7E}"
EndProject
Project("{9A19103F-16F7-4668-BE54-9A1E7A4F7556}") = "CastleDynamicProxy.DependencyInjection.Tests", "CastleDynamicProxy.DependencyInjection.Tests\CastleDynamicProxy.DependencyInjection.Tests.csproj", "{0B81E71A-BBA3-4246-9531-09D1CE13F8C2}"
EndProject
Global
	GlobalSection(SolutionConfigurationPlatforms) = preSolution
		Debug|Any CPU = Debug|Any CPU
		Release|Any CPU = Release|Any CPU
	EndGlobalSection
	GlobalSection(ProjectConfigurationPlatforms) = postSolution
		{E21B3E4F-389F-4462-AF16-3D972613EE7E}.Debug|Any CPU.ActiveCfg = Debug|Any CPU
		{E21B3E4F-389F-4462-AF16-3D972613EE7E}.Debug|Any CPU.Build.0 = Debug|Any CPU
		{E21B3E4F-389F-4462-AF16-3D972613EE7E}.Release|Any CPU.ActiveCfg = Release|Any CPU
		{E21B3E4F-389F-4462-AF16-3D972613EE7E}.Release|Any CPU.Build.0 = Release|Any CPU
		{0B81E71A-BBA3-4246-9531-09D1CE13F8C2}.Debug|Any CPU.ActiveCfg = Debug|Any CPU
		{0B81E71A-BBA3-4246-9531-09D1CE13F8C2}.Debug|Any CPU.Build.0 = Debug|Any CPU
		{0B81E71A-BBA3-4246-9531-09D1CE13F8C2}.Release|Any CPU.ActiveCfg = Release|Any CPU
		{0B81E71A-BBA3-4246-9531-09D1CE13F8C2}.Release|Any CPU.Build.0 = Release|Any CPU
	EndGlobalSection
	GlobalSection(SolutionProperties) = preSolution
		HideSolutionNode = FALSE
	EndGlobalSection
	GlobalSection(ExtensibilityGlobals) = postSolution
		SolutionGuid = {5A3AE0CE-E3AB-4F41-AAFA-3A33BD89F27B}
	EndGlobalSection
EndGlobal
